
Microsoft Visual Studio Solution File, Format Version 12.00
# Visual Studio Version 17
VisualStudioVersion = 17.11.35327.3
MinimumVisualStudioVersion = 10.0.40219.1
Project("{FAE04EC0-301F-11D3-BF4B-00C04F79EFBC}") = "TRPManagement", "TRPManagement\TRPManagement.csproj", "{13E1E9AD-73B7-41F3-9FD9-A774BDB1D23F}"
EndProject
Global
	GlobalSection(SolutionConfigurationPlatforms) = preSolution
		Debug|Any CPU = Debug|Any CPU
		Release|Any CPU = Release|Any CPU
	EndGlobalSection
	GlobalSection(ProjectConfigurationPlatforms) = postSolution
		{13E1E9AD-73B7-41F3-9FD9-A774BDB1D23F}.Debug|Any CPU.ActiveCfg = Debug|Any CPU
		{13E1E9AD-73B7-41F3-9FD9-A774BDB1D23F}.Debug|Any CPU.Build.0 = Debug|Any CPU
		{13E1E9AD-73B7-41F3-9FD9-A774BDB1D23F}.Release|Any CPU.ActiveCfg = Release|Any CPU
		{13E1E9AD-73B7-41F3-9FD9-A774BDB1D23F}.Release|Any CPU.Build.0 = Release|Any CPU
	EndGlobalSection
	GlobalSection(SolutionProperties) = preSolution
		HideSolutionNode = FALSE
	EndGlobalSection
	GlobalSection(ExtensibilityGlobals) = postSolution
		SolutionGuid = {0443D365-8675-4058-B2F9-DDC1B1152740}
	EndGlobalSection
EndGlobal
